
Microsoft Visual Studio Solution File, Format Version 12.00
# Visual Studio 14
VisualStudioVersion = 14.0.25123.0
MinimumVisualStudioVersion = 10.0.40219.1
Project("{FAE04EC0-301F-11D3-BF4B-00C04F79EFBC}") = "IntegrationSample.Droid", "IntegrationSample\IntegrationSample.Droid\IntegrationSample.Droid.csproj", "{6A766EA5-89AE-429A-9B5F-1FC4733E3F21}"
EndProject
Project("{FAE04EC0-301F-11D3-BF4B-00C04F79EFBC}") = "IntegrationSample.iOS", "IntegrationSample\IntegrationSample.iOS\IntegrationSample.iOS.csproj", "{F594FA90-9D24-459C-B698-B2B682FFCF9F}"
EndProject
Project("{FAE04EC0-301F-11D3-BF4B-00C04F79EFBC}") = "IntegrationSample.WinPhone", "IntegrationSample\IntegrationSample.WinPhone\IntegrationSample.WinPhone.csproj", "{F3852442-5184-41BD-9342-B7E7936EBECF}"
EndProject
Project("{FAE04EC0-301F-11D3-BF4B-00C04F79EFBC}") = "IntegrationSample.UWP", "IntegrationSample\IntegrationSample.UWP\IntegrationSample.UWP.csproj", "{BB4D54F8-D15E-41A8-B79C-955D73035CCF}"
EndProject
Project("{FAE04EC0-301F-11D3-BF4B-00C04F79EFBC}") = "IntegrationSample.Windows", "IntegrationSample\IntegrationSample.Windows\IntegrationSample.Windows.csproj", "{A5B541A3-22BD-47B2-9A94-A4261B685E6A}"
EndProject
Project("{FAE04EC0-301F-11D3-BF4B-00C04F79EFBC}") = "IntegrationSample", "IntegrationSample\IntegrationSample\IntegrationSample.csproj", "{6F444DEA-4F0C-4C54-9528-FAA900CCE8F8}"
EndProject
Global
	GlobalSection(SolutionConfigurationPlatforms) = preSolution
		Ad-Hoc|Any CPU = Ad-Hoc|Any CPU
		Ad-Hoc|ARM = Ad-Hoc|ARM
		Ad-Hoc|iPhone = Ad-Hoc|iPhone
		Ad-Hoc|iPhoneSimulator = Ad-Hoc|iPhoneSimulator
		Ad-Hoc|x64 = Ad-Hoc|x64
		Ad-Hoc|x86 = Ad-Hoc|x86
		AppStore|Any CPU = AppStore|Any CPU
		AppStore|ARM = AppStore|ARM
		AppStore|iPhone = AppStore|iPhone
		AppStore|iPhoneSimulator = AppStore|iPhoneSimulator
		AppStore|x64 = AppStore|x64
		AppStore|x86 = AppStore|x86
		Debug|Any CPU = Debug|Any CPU
		Debug|ARM = Debug|ARM
		Debug|iPhone = Debug|iPhone
		Debug|iPhoneSimulator = Debug|iPhoneSimulator
		Debug|x64 = Debug|x64
		Debug|x86 = Debug|x86
		Release|Any CPU = Release|Any CPU
		Release|ARM = Release|ARM
		Release|iPhone = Release|iPhone
		Release|iPhoneSimulator = Release|iPhoneSimulator
		Release|x64 = Release|x64
		Release|x86 = Release|x86
	EndGlobalSection
	GlobalSection(ProjectConfigurationPlatforms) = postSolution
		{6A766EA5-89AE-429A-9B5F-1FC4733E3F21}.Ad-Hoc|Any CPU.ActiveCfg = Release|Any CPU
		{6A766EA5-89AE-429A-9B5F-1FC4733E3F21}.Ad-Hoc|Any CPU.Build.0 = Release|Any CPU
		{6A766EA5-89AE-429A-9B5F-1FC4733E3F21}.Ad-Hoc|Any CPU.Deploy.0 = Release|Any CPU
		{6A766EA5-89AE-429A-9B5F-1FC4733E3F21}.Ad-Hoc|ARM.ActiveCfg = Release|Any CPU
		{6A766EA5-89AE-429A-9B5F-1FC4733E3F21}.Ad-Hoc|ARM.Build.0 = Release|Any CPU
		{6A766EA5-89AE-429A-9B5F-1FC4733E3F21}.Ad-Hoc|ARM.Deploy.0 = Release|Any CPU
		{6A766EA5-89AE-429A-9B5F-1FC4733E3F21}.Ad-Hoc|iPhone.ActiveCfg = Release|Any CPU
		{6A766EA5-89AE-429A-9B5F-1FC4733E3F21}.Ad-Hoc|iPhone.Build.0 = Release|Any CPU
		{6A766EA5-89AE-429A-9B5F-1FC4733E3F21}.Ad-Hoc|iPhone.Deploy.0 = Release|Any CPU
		{6A766EA5-89AE-429A-9B5F-1FC4733E3F21}.Ad-Hoc|iPhoneSimulator.ActiveCfg = Release|Any CPU
		{6A766EA5-89AE-429A-9B5F-1FC4733E3F21}.Ad-Hoc|iPhoneSimulator.Build.0 = Release|Any CPU
		{6A766EA5-89AE-429A-9B5F-1FC4733E3F21}.Ad-Hoc|iPhoneSimulator.Deploy.0 = Release|Any CPU
		{6A766EA5-89AE-429A-9B5F-1FC4733E3F21}.Ad-Hoc|x64.ActiveCfg = Release|Any CPU
		{6A766EA5-89AE-429A-9B5F-1FC4733E3F21}.Ad-Hoc|x64.Build.0 = Release|Any CPU
		{6A766EA5-89AE-429A-9B5F-1FC4733E3F21}.Ad-Hoc|x64.Deploy.0 = Release|Any CPU
		{6A766EA5-89AE-429A-9B5F-1FC4733E3F21}.Ad-Hoc|x86.ActiveCfg = Release|Any CPU
		{6A766EA5-89AE-429A-9B5F-1FC4733E3F21}.Ad-Hoc|x86.Build.0 = Release|Any CPU
		{6A766EA5-89AE-429A-9B5F-1FC4733E3F21}.Ad-Hoc|x86.Deploy.0 = Release|Any CPU
		{6A766EA5-89AE-429A-9B5F-1FC4733E3F21}.AppStore|Any CPU.ActiveCfg = Release|Any CPU
		{6A766EA5-89AE-429A-9B5F-1FC4733E3F21}.AppStore|Any CPU.Build.0 = Release|Any CPU
		{6A766EA5-89AE-429A-9B5F-1FC4733E3F21}.AppStore|Any CPU.Deploy.0 = Release|Any CPU
		{6A766EA5-89AE-429A-9B5F-1FC4733E3F21}.AppStore|ARM.ActiveCfg = Release|Any CPU
		{6A766EA5-89AE-429A-9B5F-1FC4733E3F21}.AppStore|ARM.Build.0 = Release|Any CPU
		{6A766EA5-89AE-429A-9B5F-1FC4733E3F21}.AppStore|ARM.Deploy.0 = Release|Any CPU
		{6A766EA5-89AE-429A-9B5F-1FC4733E3F21}.AppStore|iPhone.ActiveCfg = Release|Any CPU
		{6A766EA5-89AE-429A-9B5F-1FC4733E3F21}.AppStore|iPhone.Build.0 = Release|Any CPU
		{6A766EA5-89AE-429A-9B5F-1FC4733E3F21}.AppStore|iPhone.Deploy.0 = Release|Any CPU
		{6A766EA5-89AE-429A-9B5F-1FC4733E3F21}.AppStore|iPhoneSimulator.ActiveCfg = Release|Any CPU
		{6A766EA5-89AE-429A-9B5F-1FC4733E3F21}.AppStore|iPhoneSimulator.Build.0 = Release|Any CPU
		{6A766EA5-89AE-429A-9B5F-1FC4733E3F21}.AppStore|iPhoneSimulator.Deploy.0 = Release|Any CPU
		{6A766EA5-89AE-429A-9B5F-1FC4733E3F21}.AppStore|x64.ActiveCfg = Release|Any CPU
		{6A766EA5-89AE-429A-9B5F-1FC4733E3F21}.AppStore|x64.Build.0 = Release|Any CPU
		{6A766EA5-89AE-429A-9B5F-1FC4733E3F21}.AppStore|x64.Deploy.0 = Release|Any CPU
		{6A766EA5-89AE-429A-9B5F-1FC4733E3F21}.AppStore|x86.ActiveCfg = Release|Any CPU
		{6A766EA5-89AE-429A-9B5F-1FC4733E3F21}.AppStore|x86.Build.0 = Release|Any CPU
		{6A766EA5-89AE-429A-9B5F-1FC4733E3F21}.AppStore|x86.Deploy.0 = Release|Any CPU
		{6A766EA5-89AE-429A-9B5F-1FC4733E3F21}.Debug|Any CPU.ActiveCfg = Debug|Any CPU
		{6A766EA5-89AE-429A-9B5F-1FC4733E3F21}.Debug|Any CPU.Build.0 = Debug|Any CPU
		{6A766EA5-89AE-429A-9B5F-1FC4733E3F21}.Debug|Any CPU.Deploy.0 = Debug|Any CPU
		{6A766EA5-89AE-429A-9B5F-1FC4733E3F21}.Debug|ARM.ActiveCfg = Debug|Any CPU
		{6A766EA5-89AE-429A-9B5F-1FC4733E3F21}.Debug|ARM.Build.0 = Debug|Any CPU
		{6A766EA5-89AE-429A-9B5F-1FC4733E3F21}.Debug|ARM.Deploy.0 = Debug|Any CPU
		{6A766EA5-89AE-429A-9B5F-1FC4733E3F21}.Debug|iPhone.ActiveCfg = Debug|Any CPU
		{6A766EA5-89AE-429A-9B5F-1FC4733E3F21}.Debug|iPhone.Build.0 = Debug|Any CPU
		{6A766EA5-89AE-429A-9B5F-1FC4733E3F21}.Debug|iPhone.Deploy.0 = Debug|Any CPU
		{6A766EA5-89AE-429A-9B5F-1FC4733E3F21}.Debug|iPhoneSimulator.ActiveCfg = Debug|Any CPU
		{6A766EA5-89AE-429A-9B5F-1FC4733E3F21}.Debug|iPhoneSimulator.Build.0 = Debug|Any CPU
		{6A766EA5-89AE-429A-9B5F-1FC4733E3F21}.Debug|iPhoneSimulator.Deploy.0 = Debug|Any CPU
		{6A766EA5-89AE-429A-9B5F-1FC4733E3F21}.Debug|x64.ActiveCfg = Debug|Any CPU
		{6A766EA5-89AE-429A-9B5F-1FC4733E3F21}.Debug|x64.Build.0 = Debug|Any CPU
		{6A766EA5-89AE-429A-9B5F-1FC4733E3F21}.Debug|x64.Deploy.0 = Debug|Any CPU
		{6A766EA5-89AE-429A-9B5F-1FC4733E3F21}.Debug|x86.ActiveCfg = Debug|Any CPU
		{6A766EA5-89AE-429A-9B5F-1FC4733E3F21}.Debug|x86.Build.0 = Debug|Any CPU
		{6A766EA5-89AE-429A-9B5F-1FC4733E3F21}.Debug|x86.Deploy.0 = Debug|Any CPU
		{6A766EA5-89AE-429A-9B5F-1FC4733E3F21}.Release|Any CPU.ActiveCfg = Release|Any CPU
		{6A766EA5-89AE-429A-9B5F-1FC4733E3F21}.Release|Any CPU.Build.0 = Release|Any CPU
		{6A766EA5-89AE-429A-9B5F-1FC4733E3F21}.Release|Any CPU.Deploy.0 = Release|Any CPU
		{6A766EA5-89AE-429A-9B5F-1FC4733E3F21}.Release|ARM.ActiveCfg = Release|Any CPU
		{6A766EA5-89AE-429A-9B5F-1FC4733E3F21}.Release|ARM.Build.0 = Release|Any CPU
		{6A766EA5-89AE-429A-9B5F-1FC4733E3F21}.Release|ARM.Deploy.0 = Release|Any CPU
		{6A766EA5-89AE-429A-9B5F-1FC4733E3F21}.Release|iPhone.ActiveCfg = Release|Any CPU
		{6A766EA5-89AE-429A-9B5F-1FC4733E3F21}.Release|iPhone.Build.0 = Release|Any CPU
		{6A766EA5-89AE-429A-9B5F-1FC4733E3F21}.Release|iPhone.Deploy.0 = Release|Any CPU
		{6A766EA5-89AE-429A-9B5F-1FC4733E3F21}.Release|iPhoneSimulator.ActiveCfg = Release|Any CPU
		{6A766EA5-89AE-429A-9B5F-1FC4733E3F21}.Release|iPhoneSimulator.Build.0 = Release|Any CPU
		{6A766EA5-89AE-429A-9B5F-1FC4733E3F21}.Release|iPhoneSimulator.Deploy.0 = Release|Any CPU
		{6A766EA5-89AE-429A-9B5F-1FC4733E3F21}.Release|x64.ActiveCfg = Release|Any CPU
		{6A766EA5-89AE-429A-9B5F-1FC4733E3F21}.Release|x64.Build.0 = Release|Any CPU
		{6A766EA5-89AE-429A-9B5F-1FC4733E3F21}.Release|x64.Deploy.0 = Release|Any CPU
		{6A766EA5-89AE-429A-9B5F-1FC4733E3F21}.Release|x86.ActiveCfg = Release|Any CPU
		{6A766EA5-89AE-429A-9B5F-1FC4733E3F21}.Release|x86.Build.0 = Release|Any CPU
		{6A766EA5-89AE-429A-9B5F-1FC4733E3F21}.Release|x86.Deploy.0 = Release|Any CPU
		{F594FA90-9D24-459C-B698-B2B682FFCF9F}.Ad-Hoc|Any CPU.ActiveCfg = Ad-Hoc|iPhone
		{F594FA90-9D24-459C-B698-B2B682FFCF9F}.Ad-Hoc|ARM.ActiveCfg = Ad-Hoc|iPhone
		{F594FA90-9D24-459C-B698-B2B682FFCF9F}.Ad-Hoc|iPhone.ActiveCfg = Ad-Hoc|iPhone
		{F594FA90-9D24-459C-B698-B2B682FFCF9F}.Ad-Hoc|iPhone.Build.0 = Ad-Hoc|iPhone
		{F594FA90-9D24-459C-B698-B2B682FFCF9F}.Ad-Hoc|iPhoneSimulator.ActiveCfg = Ad-Hoc|iPhoneSimulator
		{F594FA90-9D24-459C-B698-B2B682FFCF9F}.Ad-Hoc|iPhoneSimulator.Build.0 = Ad-Hoc|iPhoneSimulator
		{F594FA90-9D24-459C-B698-B2B682FFCF9F}.Ad-Hoc|x64.ActiveCfg = Ad-Hoc|iPhone
		{F594FA90-9D24-459C-B698-B2B682FFCF9F}.Ad-Hoc|x86.ActiveCfg = Ad-Hoc|iPhone
		{F594FA90-9D24-459C-B698-B2B682FFCF9F}.AppStore|Any CPU.ActiveCfg = AppStore|iPhone
		{F594FA90-9D24-459C-B698-B2B682FFCF9F}.AppStore|ARM.ActiveCfg = AppStore|iPhone
		{F594FA90-9D24-459C-B698-B2B682FFCF9F}.AppStore|iPhone.ActiveCfg = AppStore|iPhone
		{F594FA90-9D24-459C-B698-B2B682FFCF9F}.AppStore|iPhone.Build.0 = AppStore|iPhone
		{F594FA90-9D24-459C-B698-B2B682FFCF9F}.AppStore|iPhoneSimulator.ActiveCfg = AppStore|iPhoneSimulator
		{F594FA90-9D24-459C-B698-B2B682FFCF9F}.AppStore|iPhoneSimulator.Build.0 = AppStore|iPhoneSimulator
		{F594FA90-9D24-459C-B698-B2B682FFCF9F}.AppStore|x64.ActiveCfg = AppStore|iPhone
		{F594FA90-9D24-459C-B698-B2B682FFCF9F}.AppStore|x86.ActiveCfg = AppStore|iPhone
		{F594FA90-9D24-459C-B698-B2B682FFCF9F}.Debug|Any CPU.ActiveCfg = Debug|iPhone
		{F594FA90-9D24-459C-B698-B2B682FFCF9F}.Debug|ARM.ActiveCfg = Debug|iPhone
		{F594FA90-9D24-459C-B698-B2B682FFCF9F}.Debug|iPhone.ActiveCfg = Debug|iPhone
		{F594FA90-9D24-459C-B698-B2B682FFCF9F}.Debug|iPhone.Build.0 = Debug|iPhone
		{F594FA90-9D24-459C-B698-B2B682FFCF9F}.Debug|iPhoneSimulator.ActiveCfg = Debug|iPhoneSimulator
		{F594FA90-9D24-459C-B698-B2B682FFCF9F}.Debug|iPhoneSimulator.Build.0 = Debug|iPhoneSimulator
		{F594FA90-9D24-459C-B698-B2B682FFCF9F}.Debug|x64.ActiveCfg = Debug|iPhone
		{F594FA90-9D24-459C-B698-B2B682FFCF9F}.Debug|x86.ActiveCfg = Debug|iPhone
		{F594FA90-9D24-459C-B698-B2B682FFCF9F}.Release|Any CPU.ActiveCfg = Release|iPhone
		{F594FA90-9D24-459C-B698-B2B682FFCF9F}.Release|ARM.ActiveCfg = Release|iPhone
		{F594FA90-9D24-459C-B698-B2B682FFCF9F}.Release|iPhone.ActiveCfg = Release|iPhone
		{F594FA90-9D24-459C-B698-B2B682FFCF9F}.Release|iPhone.Build.0 = Release|iPhone
		{F594FA90-9D24-459C-B698-B2B682FFCF9F}.Release|iPhoneSimulator.ActiveCfg = Release|iPhoneSimulator
		{F594FA90-9D24-459C-B698-B2B682FFCF9F}.Release|iPhoneSimulator.Build.0 = Release|iPhoneSimulator
		{F594FA90-9D24-459C-B698-B2B682FFCF9F}.Release|x64.ActiveCfg = Release|iPhone
		{F594FA90-9D24-459C-B698-B2B682FFCF9F}.Release|x86.ActiveCfg = Release|iPhone
		{F3852442-5184-41BD-9342-B7E7936EBECF}.Ad-Hoc|Any CPU.ActiveCfg = Release|Any CPU
		{F3852442-5184-41BD-9342-B7E7936EBECF}.Ad-Hoc|Any CPU.Build.0 = Release|Any CPU
		{F3852442-5184-41BD-9342-B7E7936EBECF}.Ad-Hoc|Any CPU.Deploy.0 = Release|Any CPU
		{F3852442-5184-41BD-9342-B7E7936EBECF}.Ad-Hoc|ARM.ActiveCfg = Release|ARM
		{F3852442-5184-41BD-9342-B7E7936EBECF}.Ad-Hoc|ARM.Build.0 = Release|ARM
		{F3852442-5184-41BD-9342-B7E7936EBECF}.Ad-Hoc|ARM.Deploy.0 = Release|ARM
		{F3852442-5184-41BD-9342-B7E7936EBECF}.Ad-Hoc|iPhone.ActiveCfg = Release|Any CPU
		{F3852442-5184-41BD-9342-B7E7936EBECF}.Ad-Hoc|iPhone.Build.0 = Release|Any CPU
		{F3852442-5184-41BD-9342-B7E7936EBECF}.Ad-Hoc|iPhone.Deploy.0 = Release|Any CPU
		{F3852442-5184-41BD-9342-B7E7936EBECF}.Ad-Hoc|iPhoneSimulator.ActiveCfg = Release|Any CPU
		{F3852442-5184-41BD-9342-B7E7936EBECF}.Ad-Hoc|iPhoneSimulator.Build.0 = Release|Any CPU
		{F3852442-5184-41BD-9342-B7E7936EBECF}.Ad-Hoc|iPhoneSimulator.Deploy.0 = Release|Any CPU
		{F3852442-5184-41BD-9342-B7E7936EBECF}.Ad-Hoc|x64.ActiveCfg = Release|Any CPU
		{F3852442-5184-41BD-9342-B7E7936EBECF}.Ad-Hoc|x64.Build.0 = Release|Any CPU
		{F3852442-5184-41BD-9342-B7E7936EBECF}.Ad-Hoc|x64.Deploy.0 = Release|Any CPU
		{F3852442-5184-41BD-9342-B7E7936EBECF}.Ad-Hoc|x86.ActiveCfg = Release|x86
		{F3852442-5184-41BD-9342-B7E7936EBECF}.Ad-Hoc|x86.Build.0 = Release|x86
		{F3852442-5184-41BD-9342-B7E7936EBECF}.Ad-Hoc|x86.Deploy.0 = Release|x86
		{F3852442-5184-41BD-9342-B7E7936EBECF}.AppStore|Any CPU.ActiveCfg = Release|Any CPU
		{F3852442-5184-41BD-9342-B7E7936EBECF}.AppStore|Any CPU.Build.0 = Release|Any CPU
		{F3852442-5184-41BD-9342-B7E7936EBECF}.AppStore|Any CPU.Deploy.0 = Release|Any CPU
		{F3852442-5184-41BD-9342-B7E7936EBECF}.AppStore|ARM.ActiveCfg = Release|ARM
		{F3852442-5184-41BD-9342-B7E7936EBECF}.AppStore|ARM.Build.0 = Release|ARM
		{F3852442-5184-41BD-9342-B7E7936EBECF}.AppStore|ARM.Deploy.0 = Release|ARM
		{F3852442-5184-41BD-9342-B7E7936EBECF}.AppStore|iPhone.ActiveCfg = Release|Any CPU
		{F3852442-5184-41BD-9342-B7E7936EBECF}.AppStore|iPhone.Build.0 = Release|Any CPU
		{F3852442-5184-41BD-9342-B7E7936EBECF}.AppStore|iPhone.Deploy.0 = Release|Any CPU
		{F3852442-5184-41BD-9342-B7E7936EBECF}.AppStore|iPhoneSimulator.ActiveCfg = Release|Any CPU
		{F3852442-5184-41BD-9342-B7E7936EBECF}.AppStore|iPhoneSimulator.Build.0 = Release|Any CPU
		{F3852442-5184-41BD-9342-B7E7936EBECF}.AppStore|iPhoneSimulator.Deploy.0 = Release|Any CPU
		{F3852442-5184-41BD-9342-B7E7936EBECF}.AppStore|x64.ActiveCfg = Release|Any CPU
		{F3852442-5184-41BD-9342-B7E7936EBECF}.AppStore|x64.Build.0 = Release|Any CPU
		{F3852442-5184-41BD-9342-B7E7936EBECF}.AppStore|x64.Deploy.0 = Release|Any CPU
		{F3852442-5184-41BD-9342-B7E7936EBECF}.AppStore|x86.ActiveCfg = Release|x86
		{F3852442-5184-41BD-9342-B7E7936EBECF}.AppStore|x86.Build.0 = Release|x86
		{F3852442-5184-41BD-9342-B7E7936EBECF}.AppStore|x86.Deploy.0 = Release|x86
		{F3852442-5184-41BD-9342-B7E7936EBECF}.Debug|Any CPU.ActiveCfg = Debug|Any CPU
		{F3852442-5184-41BD-9342-B7E7936EBECF}.Debug|Any CPU.Build.0 = Debug|Any CPU
		{F3852442-5184-41BD-9342-B7E7936EBECF}.Debug|Any CPU.Deploy.0 = Debug|Any CPU
		{F3852442-5184-41BD-9342-B7E7936EBECF}.Debug|ARM.ActiveCfg = Debug|ARM
		{F3852442-5184-41BD-9342-B7E7936EBECF}.Debug|ARM.Build.0 = Debug|ARM
		{F3852442-5184-41BD-9342-B7E7936EBECF}.Debug|ARM.Deploy.0 = Debug|ARM
		{F3852442-5184-41BD-9342-B7E7936EBECF}.Debug|iPhone.ActiveCfg = Debug|Any CPU
		{F3852442-5184-41BD-9342-B7E7936EBECF}.Debug|iPhone.Build.0 = Debug|Any CPU
		{F3852442-5184-41BD-9342-B7E7936EBECF}.Debug|iPhone.Deploy.0 = Debug|Any CPU
		{F3852442-5184-41BD-9342-B7E7936EBECF}.Debug|iPhoneSimulator.ActiveCfg = Debug|Any CPU
		{F3852442-5184-41BD-9342-B7E7936EBECF}.Debug|iPhoneSimulator.Build.0 = Debug|Any CPU
		{F3852442-5184-41BD-9342-B7E7936EBECF}.Debug|iPhoneSimulator.Deploy.0 = Debug|Any CPU
		{F3852442-5184-41BD-9342-B7E7936EBECF}.Debug|x64.ActiveCfg = Debug|Any CPU
		{F3852442-5184-41BD-9342-B7E7936EBECF}.Debug|x64.Build.0 = Debug|Any CPU
		{F3852442-5184-41BD-9342-B7E7936EBECF}.Debug|x64.Deploy.0 = Debug|Any CPU
		{F3852442-5184-41BD-9342-B7E7936EBECF}.Debug|x86.ActiveCfg = Debug|x86
		{F3852442-5184-41BD-9342-B7E7936EBECF}.Debug|x86.Build.0 = Debug|x86
		{F3852442-5184-41BD-9342-B7E7936EBECF}.Debug|x86.Deploy.0 = Debug|x86
		{F3852442-5184-41BD-9342-B7E7936EBECF}.Release|Any CPU.ActiveCfg = Release|Any CPU
		{F3852442-5184-41BD-9342-B7E7936EBECF}.Release|Any CPU.Build.0 = Release|Any CPU
		{F3852442-5184-41BD-9342-B7E7936EBECF}.Release|Any CPU.Deploy.0 = Release|Any CPU
		{F3852442-5184-41BD-9342-B7E7936EBECF}.Release|ARM.ActiveCfg = Release|ARM
		{F3852442-5184-41BD-9342-B7E7936EBECF}.Release|ARM.Build.0 = Release|ARM
		{F3852442-5184-41BD-9342-B7E7936EBECF}.Release|ARM.Deploy.0 = Release|ARM
		{F3852442-5184-41BD-9342-B7E7936EBECF}.Release|iPhone.ActiveCfg = Release|Any CPU
		{F3852442-5184-41BD-9342-B7E7936EBECF}.Release|iPhone.Build.0 = Release|Any CPU
		{F3852442-5184-41BD-9342-B7E7936EBECF}.Release|iPhone.Deploy.0 = Release|Any CPU
		{F3852442-5184-41BD-9342-B7E7936EBECF}.Release|iPhoneSimulator.ActiveCfg = Release|Any CPU
		{F3852442-5184-41BD-9342-B7E7936EBECF}.Release|iPhoneSimulator.Build.0 = Release|Any CPU
		{F3852442-5184-41BD-9342-B7E7936EBECF}.Release|iPhoneSimulator.Deploy.0 = Release|Any CPU
		{F3852442-5184-41BD-9342-B7E7936EBECF}.Release|x64.ActiveCfg = Release|Any CPU
		{F3852442-5184-41BD-9342-B7E7936EBECF}.Release|x64.Build.0 = Release|Any CPU
		{F3852442-5184-41BD-9342-B7E7936EBECF}.Release|x64.Deploy.0 = Release|Any CPU
		{F3852442-5184-41BD-9342-B7E7936EBECF}.Release|x86.ActiveCfg = Release|x86
		{F3852442-5184-41BD-9342-B7E7936EBECF}.Release|x86.Build.0 = Release|x86
		{F3852442-5184-41BD-9342-B7E7936EBECF}.Release|x86.Deploy.0 = Release|x86
		{BB4D54F8-D15E-41A8-B79C-955D73035CCF}.Ad-Hoc|Any CPU.ActiveCfg = Release|x86
		{BB4D54F8-D15E-41A8-B79C-955D73035CCF}.Ad-Hoc|Any CPU.Build.0 = Release|x86
		{BB4D54F8-D15E-41A8-B79C-955D73035CCF}.Ad-Hoc|Any CPU.Deploy.0 = Release|x86
		{BB4D54F8-D15E-41A8-B79C-955D73035CCF}.Ad-Hoc|ARM.ActiveCfg = Release|ARM
		{BB4D54F8-D15E-41A8-B79C-955D73035CCF}.Ad-Hoc|ARM.Build.0 = Release|ARM
		{BB4D54F8-D15E-41A8-B79C-955D73035CCF}.Ad-Hoc|ARM.Deploy.0 = Release|ARM
		{BB4D54F8-D15E-41A8-B79C-955D73035CCF}.Ad-Hoc|iPhone.ActiveCfg = Release|x86
		{BB4D54F8-D15E-41A8-B79C-955D73035CCF}.Ad-Hoc|iPhone.Build.0 = Release|x86
		{BB4D54F8-D15E-41A8-B79C-955D73035CCF}.Ad-Hoc|iPhone.Deploy.0 = Release|x86
		{BB4D54F8-D15E-41A8-B79C-955D73035CCF}.Ad-Hoc|iPhoneSimulator.ActiveCfg = Release|x86
		{BB4D54F8-D15E-41A8-B79C-955D73035CCF}.Ad-Hoc|iPhoneSimulator.Build.0 = Release|x86
		{BB4D54F8-D15E-41A8-B79C-955D73035CCF}.Ad-Hoc|iPhoneSimulator.Deploy.0 = Release|x86
		{BB4D54F8-D15E-41A8-B79C-955D73035CCF}.Ad-Hoc|x64.ActiveCfg = Release|x64
		{BB4D54F8-D15E-41A8-B79C-955D73035CCF}.Ad-Hoc|x64.Build.0 = Release|x64
		{BB4D54F8-D15E-41A8-B79C-955D73035CCF}.Ad-Hoc|x64.Deploy.0 = Release|x64
		{BB4D54F8-D15E-41A8-B79C-955D73035CCF}.Ad-Hoc|x86.ActiveCfg = Release|x86
		{BB4D54F8-D15E-41A8-B79C-955D73035CCF}.Ad-Hoc|x86.Build.0 = Release|x86
		{BB4D54F8-D15E-41A8-B79C-955D73035CCF}.Ad-Hoc|x86.Deploy.0 = Release|x86
		{BB4D54F8-D15E-41A8-B79C-955D73035CCF}.AppStore|Any CPU.ActiveCfg = Release|x86
		{BB4D54F8-D15E-41A8-B79C-955D73035CCF}.AppStore|Any CPU.Build.0 = Release|x86
		{BB4D54F8-D15E-41A8-B79C-955D73035CCF}.AppStore|Any CPU.Deploy.0 = Release|x86
		{BB4D54F8-D15E-41A8-B79C-955D73035CCF}.AppStore|ARM.ActiveCfg = Release|ARM
		{BB4D54F8-D15E-41A8-B79C-955D73035CCF}.AppStore|ARM.Build.0 = Release|ARM
		{BB4D54F8-D15E-41A8-B79C-955D73035CCF}.AppStore|ARM.Deploy.0 = Release|ARM
		{BB4D54F8-D15E-41A8-B79C-955D73035CCF}.AppStore|iPhone.ActiveCfg = Release|x86
		{BB4D54F8-D15E-41A8-B79C-955D73035CCF}.AppStore|iPhone.Build.0 = Release|x86
		{BB4D54F8-D15E-41A8-B79C-955D73035CCF}.AppStore|iPhone.Deploy.0 = Release|x86
		{BB4D54F8-D15E-41A8-B79C-955D73035CCF}.AppStore|iPhoneSimulator.ActiveCfg = Release|x86
		{BB4D54F8-D15E-41A8-B79C-955D73035CCF}.AppStore|iPhoneSimulator.Build.0 = Release|x86
		{BB4D54F8-D15E-41A8-B79C-955D73035CCF}.AppStore|iPhoneSimulator.Deploy.0 = Release|x86
		{BB4D54F8-D15E-41A8-B79C-955D73035CCF}.AppStore|x64.ActiveCfg = Release|x64
		{BB4D54F8-D15E-41A8-B79C-955D73035CCF}.AppStore|x64.Build.0 = Release|x64
		{BB4D54F8-D15E-41A8-B79C-955D73035CCF}.AppStore|x64.Deploy.0 = Release|x64
		{BB4D54F8-D15E-41A8-B79C-955D73035CCF}.AppStore|x86.ActiveCfg = Release|x86
		{BB4D54F8-D15E-41A8-B79C-955D73035CCF}.AppStore|x86.Build.0 = Release|x86
		{BB4D54F8-D15E-41A8-B79C-955D73035CCF}.AppStore|x86.Deploy.0 = Release|x86
		{BB4D54F8-D15E-41A8-B79C-955D73035CCF}.Debug|Any CPU.ActiveCfg = Debug|x86
		{BB4D54F8-D15E-41A8-B79C-955D73035CCF}.Debug|ARM.ActiveCfg = Debug|ARM
		{BB4D54F8-D15E-41A8-B79C-955D73035CCF}.Debug|ARM.Build.0 = Debug|ARM
		{BB4D54F8-D15E-41A8-B79C-955D73035CCF}.Debug|ARM.Deploy.0 = Debug|ARM
		{BB4D54F8-D15E-41A8-B79C-955D73035CCF}.Debug|iPhone.ActiveCfg = Debug|x86
		{BB4D54F8-D15E-41A8-B79C-955D73035CCF}.Debug|iPhoneSimulator.ActiveCfg = Debug|x86
		{BB4D54F8-D15E-41A8-B79C-955D73035CCF}.Debug|x64.ActiveCfg = Debug|x64
		{BB4D54F8-D15E-41A8-B79C-955D73035CCF}.Debug|x64.Build.0 = Debug|x64
		{BB4D54F8-D15E-41A8-B79C-955D73035CCF}.Debug|x64.Deploy.0 = Debug|x64
		{BB4D54F8-D15E-41A8-B79C-955D73035CCF}.Debug|x86.ActiveCfg = Debug|x86
		{BB4D54F8-D15E-41A8-B79C-955D73035CCF}.Debug|x86.Build.0 = Debug|x86
		{BB4D54F8-D15E-41A8-B79C-955D73035CCF}.Debug|x86.Deploy.0 = Debug|x86
		{BB4D54F8-D15E-41A8-B79C-955D73035CCF}.Release|Any CPU.ActiveCfg = Release|x86
		{BB4D54F8-D15E-41A8-B79C-955D73035CCF}.Release|ARM.ActiveCfg = Release|ARM
		{BB4D54F8-D15E-41A8-B79C-955D73035CCF}.Release|ARM.Build.0 = Release|ARM
		{BB4D54F8-D15E-41A8-B79C-955D73035CCF}.Release|ARM.Deploy.0 = Release|ARM
		{BB4D54F8-D15E-41A8-B79C-955D73035CCF}.Release|iPhone.ActiveCfg = Release|x86
		{BB4D54F8-D15E-41A8-B79C-955D73035CCF}.Release|iPhoneSimulator.ActiveCfg = Release|x86
		{BB4D54F8-D15E-41A8-B79C-955D73035CCF}.Release|x64.ActiveCfg = Release|x64
		{BB4D54F8-D15E-41A8-B79C-955D73035CCF}.Release|x64.Build.0 = Release|x64
		{BB4D54F8-D15E-41A8-B79C-955D73035CCF}.Release|x64.Deploy.0 = Release|x64
		{BB4D54F8-D15E-41A8-B79C-955D73035CCF}.Release|x86.ActiveCfg = Release|x86
		{BB4D54F8-D15E-41A8-B79C-955D73035CCF}.Release|x86.Build.0 = Release|x86
		{BB4D54F8-D15E-41A8-B79C-955D73035CCF}.Release|x86.Deploy.0 = Release|x86
		{A5B541A3-22BD-47B2-9A94-A4261B685E6A}.Ad-Hoc|Any CPU.ActiveCfg = Release|Any CPU
		{A5B541A3-22BD-47B2-9A94-A4261B685E6A}.Ad-Hoc|Any CPU.Build.0 = Release|Any CPU
		{A5B541A3-22BD-47B2-9A94-A4261B685E6A}.Ad-Hoc|Any CPU.Deploy.0 = Release|Any CPU
		{A5B541A3-22BD-47B2-9A94-A4261B685E6A}.Ad-Hoc|ARM.ActiveCfg = Release|ARM
		{A5B541A3-22BD-47B2-9A94-A4261B685E6A}.Ad-Hoc|ARM.Build.0 = Release|ARM
		{A5B541A3-22BD-47B2-9A94-A4261B685E6A}.Ad-Hoc|ARM.Deploy.0 = Release|ARM
		{A5B541A3-22BD-47B2-9A94-A4261B685E6A}.Ad-Hoc|iPhone.ActiveCfg = Release|Any CPU
		{A5B541A3-22BD-47B2-9A94-A4261B685E6A}.Ad-Hoc|iPhone.Build.0 = Release|Any CPU
		{A5B541A3-22BD-47B2-9A94-A4261B685E6A}.Ad-Hoc|iPhone.Deploy.0 = Release|Any CPU
		{A5B541A3-22BD-47B2-9A94-A4261B685E6A}.Ad-Hoc|iPhoneSimulator.ActiveCfg = Release|Any CPU
		{A5B541A3-22BD-47B2-9A94-A4261B685E6A}.Ad-Hoc|iPhoneSimulator.Build.0 = Release|Any CPU
		{A5B541A3-22BD-47B2-9A94-A4261B685E6A}.Ad-Hoc|iPhoneSimulator.Deploy.0 = Release|Any CPU
		{A5B541A3-22BD-47B2-9A94-A4261B685E6A}.Ad-Hoc|x64.ActiveCfg = Release|x64
		{A5B541A3-22BD-47B2-9A94-A4261B685E6A}.Ad-Hoc|x64.Build.0 = Release|x64
		{A5B541A3-22BD-47B2-9A94-A4261B685E6A}.Ad-Hoc|x64.Deploy.0 = Release|x64
		{A5B541A3-22BD-47B2-9A94-A4261B685E6A}.Ad-Hoc|x86.ActiveCfg = Release|x86
		{A5B541A3-22BD-47B2-9A94-A4261B685E6A}.Ad-Hoc|x86.Build.0 = Release|x86
		{A5B541A3-22BD-47B2-9A94-A4261B685E6A}.Ad-Hoc|x86.Deploy.0 = Release|x86
		{A5B541A3-22BD-47B2-9A94-A4261B685E6A}.AppStore|Any CPU.ActiveCfg = Release|Any CPU
		{A5B541A3-22BD-47B2-9A94-A4261B685E6A}.AppStore|Any CPU.Build.0 = Release|Any CPU
		{A5B541A3-22BD-47B2-9A94-A4261B685E6A}.AppStore|Any CPU.Deploy.0 = Release|Any CPU
		{A5B541A3-22BD-47B2-9A94-A4261B685E6A}.AppStore|ARM.ActiveCfg = Release|ARM
		{A5B541A3-22BD-47B2-9A94-A4261B685E6A}.AppStore|ARM.Build.0 = Release|ARM
		{A5B541A3-22BD-47B2-9A94-A4261B685E6A}.AppStore|ARM.Deploy.0 = Release|ARM
		{A5B541A3-22BD-47B2-9A94-A4261B685E6A}.AppStore|iPhone.ActiveCfg = Release|Any CPU
		{A5B541A3-22BD-47B2-9A94-A4261B685E6A}.AppStore|iPhone.Build.0 = Release|Any CPU
		{A5B541A3-22BD-47B2-9A94-A4261B685E6A}.AppStore|iPhone.Deploy.0 = Release|Any CPU
		{A5B541A3-22BD-47B2-9A94-A4261B685E6A}.AppStore|iPhoneSimulator.ActiveCfg = Release|Any CPU
		{A5B541A3-22BD-47B2-9A94-A4261B685E6A}.AppStore|iPhoneSimulator.Build.0 = Release|Any CPU
		{A5B541A3-22BD-47B2-9A94-A4261B685E6A}.AppStore|iPhoneSimulator.Deploy.0 = Release|Any CPU
		{A5B541A3-22BD-47B2-9A94-A4261B685E6A}.AppStore|x64.ActiveCfg = Release|x64
		{A5B541A3-22BD-47B2-9A94-A4261B685E6A}.AppStore|x64.Build.0 = Release|x64
		{A5B541A3-22BD-47B2-9A94-A4261B685E6A}.AppStore|x64.Deploy.0 = Release|x64
		{A5B541A3-22BD-47B2-9A94-A4261B685E6A}.AppStore|x86.ActiveCfg = Release|x86
		{A5B541A3-22BD-47B2-9A94-A4261B685E6A}.AppStore|x86.Build.0 = Release|x86
		{A5B541A3-22BD-47B2-9A94-A4261B685E6A}.AppStore|x86.Deploy.0 = Release|x86
		{A5B541A3-22BD-47B2-9A94-A4261B685E6A}.Debug|Any CPU.ActiveCfg = Debug|Any CPU
		{A5B541A3-22BD-47B2-9A94-A4261B685E6A}.Debug|Any CPU.Build.0 = Debug|Any CPU
		{A5B541A3-22BD-47B2-9A94-A4261B685E6A}.Debug|Any CPU.Deploy.0 = Debug|Any CPU
		{A5B541A3-22BD-47B2-9A94-A4261B685E6A}.Debug|ARM.ActiveCfg = Debug|ARM
		{A5B541A3-22BD-47B2-9A94-A4261B685E6A}.Debug|ARM.Build.0 = Debug|ARM
		{A5B541A3-22BD-47B2-9A94-A4261B685E6A}.Debug|ARM.Deploy.0 = Debug|ARM
		{A5B541A3-22BD-47B2-9A94-A4261B685E6A}.Debug|iPhone.ActiveCfg = Debug|Any CPU
		{A5B541A3-22BD-47B2-9A94-A4261B685E6A}.Debug|iPhone.Build.0 = Debug|Any CPU
		{A5B541A3-22BD-47B2-9A94-A4261B685E6A}.Debug|iPhone.Deploy.0 = Debug|Any CPU
		{A5B541A3-22BD-47B2-9A94-A4261B685E6A}.Debug|iPhoneSimulator.ActiveCfg = Debug|Any CPU
		{A5B541A3-22BD-47B2-9A94-A4261B685E6A}.Debug|iPhoneSimulator.Build.0 = Debug|Any CPU
		{A5B541A3-22BD-47B2-9A94-A4261B685E6A}.Debug|iPhoneSimulator.Deploy.0 = Debug|Any CPU
		{A5B541A3-22BD-47B2-9A94-A4261B685E6A}.Debug|x64.ActiveCfg = Debug|x64
		{A5B541A3-22BD-47B2-9A94-A4261B685E6A}.Debug|x64.Build.0 = Debug|x64
		{A5B541A3-22BD-47B2-9A94-A4261B685E6A}.Debug|x64.Deploy.0 = Debug|x64
		{A5B541A3-22BD-47B2-9A94-A4261B685E6A}.Debug|x86.ActiveCfg = Debug|x86
		{A5B541A3-22BD-47B2-9A94-A4261B685E6A}.Debug|x86.Build.0 = Debug|x86
		{A5B541A3-22BD-47B2-9A94-A4261B685E6A}.Debug|x86.Deploy.0 = Debug|x86
		{A5B541A3-22BD-47B2-9A94-A4261B685E6A}.Release|Any CPU.ActiveCfg = Release|Any CPU
		{A5B541A3-22BD-47B2-9A94-A4261B685E6A}.Release|Any CPU.Build.0 = Release|Any CPU
		{A5B541A3-22BD-47B2-9A94-A4261B685E6A}.Release|Any CPU.Deploy.0 = Release|Any CPU
		{A5B541A3-22BD-47B2-9A94-A4261B685E6A}.Release|ARM.ActiveCfg = Release|ARM
		{A5B541A3-22BD-47B2-9A94-A4261B685E6A}.Release|ARM.Build.0 = Release|ARM
		{A5B541A3-22BD-47B2-9A94-A4261B685E6A}.Release|ARM.Deploy.0 = Release|ARM
		{A5B541A3-22BD-47B2-9A94-A4261B685E6A}.Release|iPhone.ActiveCfg = Release|Any CPU
		{A5B541A3-22BD-47B2-9A94-A4261B685E6A}.Release|iPhone.Build.0 = Release|Any CPU
		{A5B541A3-22BD-47B2-9A94-A4261B685E6A}.Release|iPhone.Deploy.0 = Release|Any CPU
		{A5B541A3-22BD-47B2-9A94-A4261B685E6A}.Release|iPhoneSimulator.ActiveCfg = Release|Any CPU
		{A5B541A3-22BD-47B2-9A94-A4261B685E6A}.Release|iPhoneSimulator.Build.0 = Release|Any CPU
		{A5B541A3-22BD-47B2-9A94-A4261B685E6A}.Release|iPhoneSimulator.Deploy.0 = Release|Any CPU
		{A5B541A3-22BD-47B2-9A94-A4261B685E6A}.Release|x64.ActiveCfg = Release|x64
		{A5B541A3-22BD-47B2-9A94-A4261B685E6A}.Release|x64.Build.0 = Release|x64
		{A5B541A3-22BD-47B2-9A94-A4261B685E6A}.Release|x64.Deploy.0 = Release|x64
		{A5B541A3-22BD-47B2-9A94-A4261B685E6A}.Release|x86.ActiveCfg = Release|x86
		{A5B541A3-22BD-47B2-9A94-A4261B685E6A}.Release|x86.Build.0 = Release|x86
		{A5B541A3-22BD-47B2-9A94-A4261B685E6A}.Release|x86.Deploy.0 = Release|x86
		{6F444DEA-4F0C-4C54-9528-FAA900CCE8F8}.Ad-Hoc|Any CPU.ActiveCfg = Release|Any CPU
		{6F444DEA-4F0C-4C54-9528-FAA900CCE8F8}.Ad-Hoc|Any CPU.Build.0 = Release|Any CPU
		{6F444DEA-4F0C-4C54-9528-FAA900CCE8F8}.Ad-Hoc|ARM.ActiveCfg = Release|Any CPU
		{6F444DEA-4F0C-4C54-9528-FAA900CCE8F8}.Ad-Hoc|ARM.Build.0 = Release|Any CPU
		{6F444DEA-4F0C-4C54-9528-FAA900CCE8F8}.Ad-Hoc|iPhone.ActiveCfg = Release|Any CPU
		{6F444DEA-4F0C-4C54-9528-FAA900CCE8F8}.Ad-Hoc|iPhone.Build.0 = Release|Any CPU
		{6F444DEA-4F0C-4C54-9528-FAA900CCE8F8}.Ad-Hoc|iPhoneSimulator.ActiveCfg = Release|Any CPU
		{6F444DEA-4F0C-4C54-9528-FAA900CCE8F8}.Ad-Hoc|iPhoneSimulator.Build.0 = Release|Any CPU
		{6F444DEA-4F0C-4C54-9528-FAA900CCE8F8}.Ad-Hoc|x64.ActiveCfg = Release|Any CPU
		{6F444DEA-4F0C-4C54-9528-FAA900CCE8F8}.Ad-Hoc|x64.Build.0 = Release|Any CPU
		{6F444DEA-4F0C-4C54-9528-FAA900CCE8F8}.Ad-Hoc|x86.ActiveCfg = Release|Any CPU
		{6F444DEA-4F0C-4C54-9528-FAA900CCE8F8}.Ad-Hoc|x86.Build.0 = Release|Any CPU
		{6F444DEA-4F0C-4C54-9528-FAA900CCE8F8}.AppStore|Any CPU.ActiveCfg = Release|Any CPU
		{6F444DEA-4F0C-4C54-9528-FAA900CCE8F8}.AppStore|Any CPU.Build.0 = Release|Any CPU
		{6F444DEA-4F0C-4C54-9528-FAA900CCE8F8}.AppStore|ARM.ActiveCfg = Release|Any CPU
		{6F444DEA-4F0C-4C54-9528-FAA900CCE8F8}.AppStore|ARM.Build.0 = Release|Any CPU
		{6F444DEA-4F0C-4C54-9528-FAA900CCE8F8}.AppStore|iPhone.ActiveCfg = Release|Any CPU
		{6F444DEA-4F0C-4C54-9528-FAA900CCE8F8}.AppStore|iPhone.Build.0 = Release|Any CPU
		{6F444DEA-4F0C-4C54-9528-FAA900CCE8F8}.AppStore|iPhoneSimulator.ActiveCfg = Release|Any CPU
		{6F444DEA-4F0C-4C54-9528-FAA900CCE8F8}.AppStore|iPhoneSimulator.Build.0 = Release|Any CPU
		{6F444DEA-4F0C-4C54-9528-FAA900CCE8F8}.AppStore|x64.ActiveCfg = Release|Any CPU
		{6F444DEA-4F0C-4C54-9528-FAA900CCE8F8}.AppStore|x64.Build.0 = Release|Any CPU
		{6F444DEA-4F0C-4C54-9528-FAA900CCE8F8}.AppStore|x86.ActiveCfg = Release|Any CPU
		{6F444DEA-4F0C-4C54-9528-FAA900CCE8F8}.AppStore|x86.Build.0 = Release|Any CPU
		{6F444DEA-4F0C-4C54-9528-FAA900CCE8F8}.Debug|Any CPU.ActiveCfg = Debug|Any CPU
		{6F444DEA-4F0C-4C54-9528-FAA900CCE8F8}.Debug|Any CPU.Build.0 = Debug|Any CPU
		{6F444DEA-4F0C-4C54-9528-FAA900CCE8F8}.Debug|ARM.ActiveCfg = Debug|Any CPU
		{6F444DEA-4F0C-4C54-9528-FAA900CCE8F8}.Debug|ARM.Build.0 = Debug|Any CPU
		{6F444DEA-4F0C-4C54-9528-FAA900CCE8F8}.Debug|iPhone.ActiveCfg = Debug|Any CPU
		{6F444DEA-4F0C-4C54-9528-FAA900CCE8F8}.Debug|iPhone.Build.0 = Debug|Any CPU
		{6F444DEA-4F0C-4C54-9528-FAA900CCE8F8}.Debug|iPhoneSimulator.ActiveCfg = Debug|Any CPU
		{6F444DEA-4F0C-4C54-9528-FAA900CCE8F8}.Debug|iPhoneSimulator.Build.0 = Debug|Any CPU
		{6F444DEA-4F0C-4C54-9528-FAA900CCE8F8}.Debug|x64.ActiveCfg = Debug|Any CPU
		{6F444DEA-4F0C-4C54-9528-FAA900CCE8F8}.Debug|x64.Build.0 = Debug|Any CPU
		{6F444DEA-4F0C-4C54-9528-FAA900CCE8F8}.Debug|x86.ActiveCfg = Debug|Any CPU
		{6F444DEA-4F0C-4C54-9528-FAA900CCE8F8}.Debug|x86.Build.0 = Debug|Any CPU
		{6F444DEA-4F0C-4C54-9528-FAA900CCE8F8}.Release|Any CPU.ActiveCfg = Release|Any CPU
		{6F444DEA-4F0C-4C54-9528-FAA900CCE8F8}.Release|Any CPU.Build.0 = Release|Any CPU
		{6F444DEA-4F0C-4C54-9528-FAA900CCE8F8}.Release|ARM.ActiveCfg = Release|Any CPU
		{6F444DEA-4F0C-4C54-9528-FAA900CCE8F8}.Release|ARM.Build.0 = Release|Any CPU
		{6F444DEA-4F0C-4C54-9528-FAA900CCE8F8}.Release|iPhone.ActiveCfg = Release|Any CPU
		{6F444DEA-4F0C-4C54-9528-FAA900CCE8F8}.Release|iPhone.Build.0 = Release|Any CPU
		{6F444DEA-4F0C-4C54-9528-FAA900CCE8F8}.Release|iPhoneSimulator.ActiveCfg = Release|Any CPU
		{6F444DEA-4F0C-4C54-9528-FAA900CCE8F8}.Release|iPhoneSimulator.Build.0 = Release|Any CPU
		{6F444DEA-4F0C-4C54-9528-FAA900CCE8F8}.Release|x64.ActiveCfg = Release|Any CPU
		{6F444DEA-4F0C-4C54-9528-FAA900CCE8F8}.Release|x64.Build.0 = Release|Any CPU
		{6F444DEA-4F0C-4C54-9528-FAA900CCE8F8}.Release|x86.ActiveCfg = Release|Any CPU
		{6F444DEA-4F0C-4C54-9528-FAA900CCE8F8}.Release|x86.Build.0 = Release|Any CPU
	EndGlobalSection
	GlobalSection(SolutionProperties) = preSolution
		HideSolutionNode = FALSE
	EndGlobalSection
EndGlobal
